%{
  "jason": {:hex, :jason, "1.1.2", "b03dedea67a99223a2eaf9f1264ce37154564de899fd3d8b9a21b1a6fd64afe7", [:mix], [{:decimal, "~> 1.0", [hex: :decimal, repo: "hexpm", optional: true]}], "hexpm"},
  "porcelain": {:hex, :porcelain, "2.0.3", "2d77b17d1f21fed875b8c5ecba72a01533db2013bd2e5e62c6d286c029150fdc", [:mix], [], "hexpm"},
  "protocol_ex": {:hex, :protocol_ex, "0.4.2", "faa832d88e60621f74d90aecc6928e0dc97af7ec05598a289cfd75aaeb43a130", [:mix], [], "hexpm"},
  "stream_data": {:hex, :stream_data, "0.4.3", "62aafd870caff0849a5057a7ec270fad0eb86889f4d433b937d996de99e3db25", [:mix], [], "hexpm"},
}
